
Microsoft Visual Studio Solution File, Format Version 12.00
# Visual Studio Version 17
VisualStudioVersion = 17.0.31717.71
MinimumVisualStudioVersion = 10.0.40219.1
Project("{9A19103F-16F7-4668-BE54-9A1E7A4F7556}") = "CSharp_DayTwo_Projects", "CSharp_DayTwo_Projects\CSharp_DayTwo_Projects.csproj", "{90C4161E-2237-498C-A45A-9B8355DB8798}"
EndProject
Project("{9A19103F-16F7-4668-BE54-9A1E7A4F7556}") = "CSharp_DayOneProjects", "CSharp_DayOneProjects\CSharp_DayOneProjects.csproj", "{C7BDE856-053C-4E89-B780-89304E8A1601}"
EndProject
Project("{9A19103F-16F7-4668-BE54-9A1E7A4F7556}") = "CSharp_DayThree_Projects", "CSharp_DayThree_Projects\CSharp_DayThree_Projects.csproj", "{65751167-94AF-4085-804F-CCE119F9D62F}"
EndProject
Project("{9A19103F-16F7-4668-BE54-9A1E7A4F7556}") = "CSharp_DayThree_StudentLibrary", "CSharp_DayThree_StudentLibrary\CSharp_DayThree_StudentLibrary.csproj", "{5D3E5F19-FE7E-4932-849A-338242649A48}"
EndProject
Project("{9A19103F-16F7-4668-BE54-9A1E7A4F7556}") = "CSharp_DayThree_MarksLibray", "CSharp_DayThree_MarksLibray\CSharp_DayThree_MarksLibray.csproj", "{E5CFCD46-0265-4569-AEC5-65FCFF018776}"
EndProject
Project("{9A19103F-16F7-4668-BE54-9A1E7A4F7556}") = "CSharp_DayThree_SportsLibrary", "CSharp_DayThree_SportsLibrary\CSharp_DayThree_SportsLibrary.csproj", "{A01E0B08-6673-47C5-B467-C26601A48257}"
EndProject
Project("{9A19103F-16F7-4668-BE54-9A1E7A4F7556}") = "CSharp_DayThree_ResultLibrary", "CSharp_DayThree_ResultLibrary\CSharp_DayThree_ResultLibrary.csproj", "{AF844FD5-E816-4A3F-BC15-2E3614ACF125}"
EndProject
Project("{9A19103F-16F7-4668-BE54-9A1E7A4F7556}") = "CSharp_DayFour_Projects", "CSharp_DayFour_Projects\CSharp_DayFour_Projects.csproj", "{6E338E0D-2EDD-43DC-812E-749DBC87E942}"
EndProject
Project("{2150E333-8FDC-42A3-9474-1A3956D46DE8}") = "Solution Items", "Solution Items", "{8A06D5B3-86E0-49BE-A7B3-FAED38E3694F}"
	ProjectSection(SolutionItems) = preProject
		.editorconfig = .editorconfig
		Notes\Notes.txt = Notes\Notes.txt
	EndProjectSection
EndProject
Project("{9A19103F-16F7-4668-BE54-9A1E7A4F7556}") = "CSharp_DayFive_Projects", "CSharp_DayFive_Projects\CSharp_DayFive_Projects.csproj", "{B5DA0F2E-DAD0-41E2-BA71-FB8A9CFCF0A4}"
EndProject
Project("{9A19103F-16F7-4668-BE54-9A1E7A4F7556}") = "CSharp_DaySix_Misc_Projects", "CSharp_DaySix_Misc_Projects\CSharp_DaySix_Misc_Projects.csproj", "{26CD17C4-043B-4993-9BEA-D9B816651EC4}"
EndProject
Project("{FAE04EC0-301F-11D3-BF4B-00C04F79EFBC}") = "CSharp_DaySeven_Misc_Projects", "CSharp_DaySeven_Misc_Projects\CSharp_DaySeven_Misc_Projects.csproj", "{6D880DEA-0E4F-4539-9E6F-1F021C200BF7}"
EndProject
Global
	GlobalSection(SolutionConfigurationPlatforms) = preSolution
		Debug|Any CPU = Debug|Any CPU
		Release|Any CPU = Release|Any CPU
	EndGlobalSection
	GlobalSection(ProjectConfigurationPlatforms) = postSolution
		{90C4161E-2237-498C-A45A-9B8355DB8798}.Debug|Any CPU.ActiveCfg = Debug|Any CPU
		{90C4161E-2237-498C-A45A-9B8355DB8798}.Debug|Any CPU.Build.0 = Debug|Any CPU
		{90C4161E-2237-498C-A45A-9B8355DB8798}.Release|Any CPU.ActiveCfg = Release|Any CPU
		{90C4161E-2237-498C-A45A-9B8355DB8798}.Release|Any CPU.Build.0 = Release|Any CPU
		{C7BDE856-053C-4E89-B780-89304E8A1601}.Debug|Any CPU.ActiveCfg = Debug|Any CPU
		{C7BDE856-053C-4E89-B780-89304E8A1601}.Debug|Any CPU.Build.0 = Debug|Any CPU
		{C7BDE856-053C-4E89-B780-89304E8A1601}.Release|Any CPU.ActiveCfg = Release|Any CPU
		{C7BDE856-053C-4E89-B780-89304E8A1601}.Release|Any CPU.Build.0 = Release|Any CPU
		{65751167-94AF-4085-804F-CCE119F9D62F}.Debug|Any CPU.ActiveCfg = Debug|Any CPU
		{65751167-94AF-4085-804F-CCE119F9D62F}.Debug|Any CPU.Build.0 = Debug|Any CPU
		{65751167-94AF-4085-804F-CCE119F9D62F}.Release|Any CPU.ActiveCfg = Release|Any CPU
		{65751167-94AF-4085-804F-CCE119F9D62F}.Release|Any CPU.Build.0 = Release|Any CPU
		{5D3E5F19-FE7E-4932-849A-338242649A48}.Debug|Any CPU.ActiveCfg = Debug|Any CPU
		{5D3E5F19-FE7E-4932-849A-338242649A48}.Debug|Any CPU.Build.0 = Debug|Any CPU
		{5D3E5F19-FE7E-4932-849A-338242649A48}.Release|Any CPU.ActiveCfg = Release|Any CPU
		{5D3E5F19-FE7E-4932-849A-338242649A48}.Release|Any CPU.Build.0 = Release|Any CPU
		{E5CFCD46-0265-4569-AEC5-65FCFF018776}.Debug|Any CPU.ActiveCfg = Debug|Any CPU
		{E5CFCD46-0265-4569-AEC5-65FCFF018776}.Debug|Any CPU.Build.0 = Debug|Any CPU
		{E5CFCD46-0265-4569-AEC5-65FCFF018776}.Release|Any CPU.ActiveCfg = Release|Any CPU
		{E5CFCD46-0265-4569-AEC5-65FCFF018776}.Release|Any CPU.Build.0 = Release|Any CPU
		{A01E0B08-6673-47C5-B467-C26601A48257}.Debug|Any CPU.ActiveCfg = Debug|Any CPU
		{A01E0B08-6673-47C5-B467-C26601A48257}.Debug|Any CPU.Build.0 = Debug|Any CPU
		{A01E0B08-6673-47C5-B467-C26601A48257}.Release|Any CPU.ActiveCfg = Release|Any CPU
		{A01E0B08-6673-47C5-B467-C26601A48257}.Release|Any CPU.Build.0 = Release|Any CPU
		{AF844FD5-E816-4A3F-BC15-2E3614ACF125}.Debug|Any CPU.ActiveCfg = Debug|Any CPU
		{AF844FD5-E816-4A3F-BC15-2E3614ACF125}.Debug|Any CPU.Build.0 = Debug|Any CPU
		{AF844FD5-E816-4A3F-BC15-2E3614ACF125}.Release|Any CPU.ActiveCfg = Release|Any CPU
		{AF844FD5-E816-4A3F-BC15-2E3614ACF125}.Release|Any CPU.Build.0 = Release|Any CPU
		{6E338E0D-2EDD-43DC-812E-749DBC87E942}.Debug|Any CPU.ActiveCfg = Debug|Any CPU
		{6E338E0D-2EDD-43DC-812E-749DBC87E942}.Debug|Any CPU.Build.0 = Debug|Any CPU
		{6E338E0D-2EDD-43DC-812E-749DBC87E942}.Release|Any CPU.ActiveCfg = Release|Any CPU
		{6E338E0D-2EDD-43DC-812E-749DBC87E942}.Release|Any CPU.Build.0 = Release|Any CPU
		{B5DA0F2E-DAD0-41E2-BA71-FB8A9CFCF0A4}.Debug|Any CPU.ActiveCfg = Debug|Any CPU
		{B5DA0F2E-DAD0-41E2-BA71-FB8A9CFCF0A4}.Debug|Any CPU.Build.0 = Debug|Any CPU
		{B5DA0F2E-DAD0-41E2-BA71-FB8A9CFCF0A4}.Release|Any CPU.ActiveCfg = Release|Any CPU
		{B5DA0F2E-DAD0-41E2-BA71-FB8A9CFCF0A4}.Release|Any CPU.Build.0 = Release|Any CPU
		{26CD17C4-043B-4993-9BEA-D9B816651EC4}.Debug|Any CPU.ActiveCfg = Debug|Any CPU
		{26CD17C4-043B-4993-9BEA-D9B816651EC4}.Debug|Any CPU.Build.0 = Debug|Any CPU
		{26CD17C4-043B-4993-9BEA-D9B816651EC4}.Release|Any CPU.ActiveCfg = Release|Any CPU
		{26CD17C4-043B-4993-9BEA-D9B816651EC4}.Release|Any CPU.Build.0 = Release|Any CPU
		{6D880DEA-0E4F-4539-9E6F-1F021C200BF7}.Debug|Any CPU.ActiveCfg = Debug|Any CPU
		{6D880DEA-0E4F-4539-9E6F-1F021C200BF7}.Debug|Any CPU.Build.0 = Debug|Any CPU
		{6D880DEA-0E4F-4539-9E6F-1F021C200BF7}.Release|Any CPU.ActiveCfg = Release|Any CPU
		{6D880DEA-0E4F-4539-9E6F-1F021C200BF7}.Release|Any CPU.Build.0 = Release|Any CPU
	EndGlobalSection
	GlobalSection(SolutionProperties) = preSolution
		HideSolutionNode = FALSE
	EndGlobalSection
	GlobalSection(ExtensibilityGlobals) = postSolution
		SolutionGuid = {1DA9966C-0D5B-4E83-8011-7AA46ED9BA0A}
	EndGlobalSection
EndGlobal
